
Microsoft Visual Studio Solution File, Format Version 12.00
# Visual Studio Version 16
VisualStudioVersion = 16.0.29806.167
MinimumVisualStudioVersion = 10.0.40219.1
Project("{FAE04EC0-301F-11D3-BF4B-00C04F79EFBC}") = "MailClassificationAddin", "MailClassificationAddin\MailClassificationAddin.csproj", "{C94A1153-6881-4AE1-9A83-3527411DEC01}"
EndProject
Project("{2150E333-8FDC-42A3-9474-1A3956D46DE8}") = "Solution Items", "Solution Items", "{D3A139DE-A5F7-41D4-B028-D729E8E0F745}"
	ProjectSection(SolutionItems) = preProject
		README.md = README.md
	EndProjectSection
EndProject
Global
	GlobalSection(SolutionConfigurationPlatforms) = preSolution
		Debug|Any CPU = Debug|Any CPU
		Debug|x64 = Debug|x64
		Debug|x86 = Debug|x86
		Release|Any CPU = Release|Any CPU
		Release|x64 = Release|x64
		Release|x86 = Release|x86
	EndGlobalSection
	GlobalSection(ProjectConfigurationPlatforms) = postSolution
		{C94A1153-6881-4AE1-9A83-3527411DEC01}.Debug|Any CPU.ActiveCfg = Debug|Any CPU
		{C94A1153-6881-4AE1-9A83-3527411DEC01}.Debug|Any CPU.Build.0 = Debug|Any CPU
		{C94A1153-6881-4AE1-9A83-3527411DEC01}.Debug|x64.ActiveCfg = Debug|x64
		{C94A1153-6881-4AE1-9A83-3527411DEC01}.Debug|x64.Build.0 = Debug|x64
		{C94A1153-6881-4AE1-9A83-3527411DEC01}.Debug|x86.ActiveCfg = Debug|x86
		{C94A1153-6881-4AE1-9A83-3527411DEC01}.Debug|x86.Build.0 = Debug|x86
		{C94A1153-6881-4AE1-9A83-3527411DEC01}.Release|Any CPU.ActiveCfg = Release|Any CPU
		{C94A1153-6881-4AE1-9A83-3527411DEC01}.Release|Any CPU.Build.0 = Release|Any CPU
		{C94A1153-6881-4AE1-9A83-3527411DEC01}.Release|x64.ActiveCfg = Release|x64
		{C94A1153-6881-4AE1-9A83-3527411DEC01}.Release|x64.Build.0 = Release|x64
		{C94A1153-6881-4AE1-9A83-3527411DEC01}.Release|x86.ActiveCfg = Release|x86
		{C94A1153-6881-4AE1-9A83-3527411DEC01}.Release|x86.Build.0 = Release|x86
	EndGlobalSection
	GlobalSection(SolutionProperties) = preSolution
		HideSolutionNode = FALSE
	EndGlobalSection
	GlobalSection(ExtensibilityGlobals) = postSolution
		SolutionGuid = {7D66E012-74BA-4DEE-9C4C-F9AD623EEE8A}
	EndGlobalSection
EndGlobal
